
Microsoft Visual Studio Solution File, Format Version 12.00
# Visual Studio Version 16
VisualStudioVersion = 16.0.29324.140
MinimumVisualStudioVersion = 10.0.40219.1
Project("{FAE04EC0-301F-11D3-BF4B-00C04F79EFBC}") = "GameAdvers", "GameAdvers\GameAdvers.csproj", "{94F571F5-5A15-4318-ABE4-8759C943114A}"
EndProject
Global
	GlobalSection(SolutionConfigurationPlatforms) = preSolution
		Debug|Any CPU = Debug|Any CPU
		Release|Any CPU = Release|Any CPU
	EndGlobalSection
	GlobalSection(ProjectConfigurationPlatforms) = postSolution
		{94F571F5-5A15-4318-ABE4-8759C943114A}.Debug|Any CPU.ActiveCfg = Debug|Any CPU
		{94F571F5-5A15-4318-ABE4-8759C943114A}.Debug|Any CPU.Build.0 = Debug|Any CPU
		{94F571F5-5A15-4318-ABE4-8759C943114A}.Release|Any CPU.ActiveCfg = Release|Any CPU
		{94F571F5-5A15-4318-ABE4-8759C943114A}.Release|Any CPU.Build.0 = Release|Any CPU
	EndGlobalSection
	GlobalSection(SolutionProperties) = preSolution
		HideSolutionNode = FALSE
	EndGlobalSection
	GlobalSection(ExtensibilityGlobals) = postSolution
		SolutionGuid = {1081320A-B5B0-4F43-A280-4FC54E801E06}
	EndGlobalSection
EndGlobal
